
Microsoft Visual Studio Solution File, Format Version 12.00
# Visual Studio Version 17
VisualStudioVersion = 17.7.34003.232
MinimumVisualStudioVersion = 10.0.40219.1
Project("{9A19103F-16F7-4668-BE54-9A1E7A4F7556}") = "LicCommonLib", "LicCommonLib\LicCommonLib.csproj", "{D537064B-109B-46BB-8F77-E9A90911E296}"
EndProject
Project("{9A19103F-16F7-4668-BE54-9A1E7A4F7556}") = "HexLicApiLib", "HexLicApiLib\HexLicApiLib.csproj", "{E2D8EE70-C229-4974-A42F-3B57E50EDF9F}"
EndProject
Project("{FAE04EC0-301F-11D3-BF4B-00C04F79EFBC}") = "HexLicApp", "HexLicApp\HexLicApp.csproj", "{22D6C0E3-6917-4486-96CE-818F97ACEB58}"
EndProject
Global
	GlobalSection(SolutionConfigurationPlatforms) = preSolution
		Debug|Any CPU = Debug|Any CPU
		Release|Any CPU = Release|Any CPU
	EndGlobalSection
	GlobalSection(ProjectConfigurationPlatforms) = postSolution
		{D537064B-109B-46BB-8F77-E9A90911E296}.Debug|Any CPU.ActiveCfg = Debug|Any CPU
		{D537064B-109B-46BB-8F77-E9A90911E296}.Debug|Any CPU.Build.0 = Debug|Any CPU
		{D537064B-109B-46BB-8F77-E9A90911E296}.Release|Any CPU.ActiveCfg = Release|Any CPU
		{D537064B-109B-46BB-8F77-E9A90911E296}.Release|Any CPU.Build.0 = Release|Any CPU
		{E2D8EE70-C229-4974-A42F-3B57E50EDF9F}.Debug|Any CPU.ActiveCfg = Debug|Any CPU
		{E2D8EE70-C229-4974-A42F-3B57E50EDF9F}.Debug|Any CPU.Build.0 = Debug|Any CPU
		{E2D8EE70-C229-4974-A42F-3B57E50EDF9F}.Release|Any CPU.ActiveCfg = Release|Any CPU
		{E2D8EE70-C229-4974-A42F-3B57E50EDF9F}.Release|Any CPU.Build.0 = Release|Any CPU
		{22D6C0E3-6917-4486-96CE-818F97ACEB58}.Debug|Any CPU.ActiveCfg = Debug|Any CPU
		{22D6C0E3-6917-4486-96CE-818F97ACEB58}.Debug|Any CPU.Build.0 = Debug|Any CPU
		{22D6C0E3-6917-4486-96CE-818F97ACEB58}.Release|Any CPU.ActiveCfg = Release|Any CPU
		{22D6C0E3-6917-4486-96CE-818F97ACEB58}.Release|Any CPU.Build.0 = Release|Any CPU
	EndGlobalSection
	GlobalSection(SolutionProperties) = preSolution
		HideSolutionNode = FALSE
	EndGlobalSection
	GlobalSection(ExtensibilityGlobals) = postSolution
		SolutionGuid = {F21982A5-D2A4-4DD6-AE35-D3B14FE04D08}
	EndGlobalSection
EndGlobal
